{
  "name": "@quenk/wml-runtime",
  "version": "0.4.5",
  "lockfileVersion": 1,
  "requires": true,
  "dependencies": {
    "afpl": {
      "version": "0.9.1",
      "resolved": "https://registry.npmjs.org/afpl/-/afpl-0.9.1.tgz",
      "integrity": "sha512-UVVWTwhKuyEEW+8HoOqrl2No1ZMvUJxoyJlrtF6gpAJlg1naE2OAl3c/rP4dPZCrF/3Yf11a74adMm2x4RU/OQ=="
    },
    "property-seek": {
      "version": "3.1.1",
      "resolved": "https://registry.npmjs.org/property-seek/-/property-seek-3.1.1.tgz",
      "integrity": "sha1-P7crh9W92OVmnHGM7cnWYyvcqB0="
    },
    "typescript": {
      "version": "https://registry.npmjs.org/typescript/-/typescript-2.4.2.tgz",
      "integrity": "sha1-+DlfhdRZJ2BnyYiqQYN6j4KHCEQ=",
      "dev": true
    }
  }
}
